
Microsoft Visual Studio Solution File, Format Version 12.00
# Visual Studio Version 17
VisualStudioVersion = 17.14.36511.14 d17.14
MinimumVisualStudioVersion = 10.0.40219.1
Project("{FAE04EC0-301F-11D3-BF4B-00C04F79EFBC}") = "DeluxeParking1", "DeluxeParking1.csproj", "{CD983AB4-625C-475D-B08F-F01AB6BFC12C}"
EndProject
Global
	GlobalSection(SolutionConfigurationPlatforms) = preSolution
		Debug|Any CPU = Debug|Any CPU
		Release|Any CPU = Release|Any CPU
	EndGlobalSection
	GlobalSection(ProjectConfigurationPlatforms) = postSolution
		{CD983AB4-625C-475D-B08F-F01AB6BFC12C}.Debug|Any CPU.ActiveCfg = Debug|Any CPU
		{CD983AB4-625C-475D-B08F-F01AB6BFC12C}.Debug|Any CPU.Build.0 = Debug|Any CPU
		{CD983AB4-625C-475D-B08F-F01AB6BFC12C}.Release|Any CPU.ActiveCfg = Release|Any CPU
		{CD983AB4-625C-475D-B08F-F01AB6BFC12C}.Release|Any CPU.Build.0 = Release|Any CPU
	EndGlobalSection
	GlobalSection(SolutionProperties) = preSolution
		HideSolutionNode = FALSE
	EndGlobalSection
	GlobalSection(ExtensibilityGlobals) = postSolution
		SolutionGuid = {178925ED-7463-4D36-8D31-45875779D0A0}
	EndGlobalSection
EndGlobal
